// !$*UTF8*$!
{
	archiveVersion = 1;
	classes = {
	};
	objectVersion = 54;
	objects = {

/* Begin PBXBuildFile section */
		9C31849926DAD49D005607F2 /* UIColor+Hex.swift in Sources */ = {isa = PBXBuildFile; fileRef = 9C31849826DAD49D005607F2 /* UIColor+Hex.swift */; };
		9C577ADE268A4AA70069F9D8 /* AppDelegate.swift in Sources */ = {isa = PBXBuildFile; fileRef = 9C577ADD268A4AA70069F9D8 /* AppDelegate.swift */; };
		9C577AE2268A4AA70069F9D8 /* SplashViewController.swift in Sources */ = {isa = PBXBuildFile; fileRef = 9C577AE1268A4AA70069F9D8 /* SplashViewController.swift */; };
		9C577AE5268A4AA70069F9D8 /* Main.storyboard in Resources */ = {isa = PBXBuildFile; fileRef = 9C577AE3268A4AA70069F9D8 /* Main.storyboard */; };
		9C577AE7268A4AA80069F9D8 /* Assets.xcassets in Resources */ = {isa = PBXBuildFile; fileRef = 9C577AE6268A4AA80069F9D8 /* Assets.xcassets */; };
		9C577AEA268A4AA80069F9D8 /* LaunchScreen.storyboard in Resources */ = {isa = PBXBuildFile; fileRef = 9C577AE8268A4AA80069F9D8 /* LaunchScreen.storyboard */; };
		9C59810226E92E7D00BA0ECD /* Alamofire in Frameworks */ = {isa = PBXBuildFile; productRef = 9C59810126E92E7D00BA0ECD /* Alamofire */; };
		9C59810626E92EE100BA0ECD /* RxSwift in Frameworks */ = {isa = PBXBuildFile; productRef = 9C59810526E92EE100BA0ECD /* RxSwift */; };
		9C59810826E92EE100BA0ECD /* RxCocoa in Frameworks */ = {isa = PBXBuildFile; productRef = 9C59810726E92EE100BA0ECD /* RxCocoa */; };
		9C6F2AE926EFBE2800629A1D /* Realm in Frameworks */ = {isa = PBXBuildFile; productRef = 9C6F2AE826EFBE2800629A1D /* Realm */; };
		9C6F2AEB26EFBE2800629A1D /* RealmSwift in Frameworks */ = {isa = PBXBuildFile; productRef = 9C6F2AEA26EFBE2800629A1D /* RealmSwift */; };
		9C6F2AF126EFCF2A00629A1D /* APIService.swift in Sources */ = {isa = PBXBuildFile; fileRef = 9C6F2AF026EFCF2A00629A1D /* APIService.swift */; };
		9C6F2AF526EFCF5B00629A1D /* DBService.swift in Sources */ = {isa = PBXBuildFile; fileRef = 9C6F2AF426EFCF5B00629A1D /* DBService.swift */; };
		9C6F2AF826EFD27200629A1D /* DBStore.swift in Sources */ = {isa = PBXBuildFile; fileRef = 9C6F2AF726EFD27200629A1D /* DBStore.swift */; };
		9C6F2AFB26EFD60400629A1D /* APIResponseStore.swift in Sources */ = {isa = PBXBuildFile; fileRef = 9C6F2AFA26EFD60400629A1D /* APIResponseStore.swift */; };
		9C76332726C19B6E0008634E /* HomeViewController.swift in Sources */ = {isa = PBXBuildFile; fileRef = 9C76332626C19B6E0008634E /* HomeViewController.swift */; };
		9C76332D26C19F350008634E /* HomeViewModel.swift in Sources */ = {isa = PBXBuildFile; fileRef = 9C76332C26C19F350008634E /* HomeViewModel.swift */; };
		9C89E1EF270629DE0098694A /* SeoulPriceModel.swift in Sources */ = {isa = PBXBuildFile; fileRef = 9C89E1EE270629DE0098694A /* SeoulPriceModel.swift */; };
		9C89E1F32706307F0098694A /* APIResultModel.swift in Sources */ = {isa = PBXBuildFile; fileRef = 9C89E1F22706307F0098694A /* APIResultModel.swift */; };
		9C9A85A1270CC99A00714F79 /* APIKey.swift in Sources */ = {isa = PBXBuildFile; fileRef = 9C9A85A0270CC99A00714F79 /* APIKey.swift */; };
		9C9ED32226E53B5A0077D603 /* HomeMainButtonView.swift in Sources */ = {isa = PBXBuildFile; fileRef = 9C9ED32126E53B5A0077D603 /* HomeMainButtonView.swift */; };
		9CB49F2626D6A1FC000D4B1F /* UIViewController+Extension.swift in Sources */ = {isa = PBXBuildFile; fileRef = 9CB49F2526D6A1FC000D4B1F /* UIViewController+Extension.swift */; };
/* End PBXBuildFile section */

/* Begin PBXFileReference section */
		9C31849826DAD49D005607F2 /* UIColor+Hex.swift */ = {isa = PBXFileReference; lastKnownFileType = sourcecode.swift; path = "UIColor+Hex.swift"; sourceTree = "<group>"; };
		9C577ADA268A4AA70069F9D8 /* SeoulPrice.app */ = {isa = PBXFileReference; explicitFileType = wrapper.application; includeInIndex = 0; path = SeoulPrice.app; sourceTree = BUILT_PRODUCTS_DIR; };
		9C577ADD268A4AA70069F9D8 /* AppDelegate.swift */ = {isa = PBXFileReference; lastKnownFileType = sourcecode.swift; path = AppDelegate.swift; sourceTree = "<group>"; };
		9C577AE1268A4AA70069F9D8 /* SplashViewController.swift */ = {isa = PBXFileReference; lastKnownFileType = sourcecode.swift; path = SplashViewController.swift; sourceTree = "<group>"; };
		9C577AE4268A4AA70069F9D8 /* Base */ = {isa = PBXFileReference; lastKnownFileType = file.storyboard; name = Base; path = Base.lproj/Main.storyboard; sourceTree = "<group>"; };
		9C577AE6268A4AA80069F9D8 /* Assets.xcassets */ = {isa = PBXFileReference; lastKnownFileType = folder.assetcatalog; path = Assets.xcassets; sourceTree = "<group>"; };
		9C577AE9268A4AA80069F9D8 /* Base */ = {isa = PBXFileReference; lastKnownFileType = file.storyboard; name = Base; path = Base.lproj/LaunchScreen.storyboard; sourceTree = "<group>"; };
		9C577AEB268A4AA80069F9D8 /* Info.plist */ = {isa = PBXFileReference; lastKnownFileType = text.plist.xml; path = Info.plist; sourceTree = "<group>"; };
		9C6F2AF026EFCF2A00629A1D /* APIService.swift */ = {isa = PBXFileReference; lastKnownFileType = sourcecode.swift; path = APIService.swift; sourceTree = "<group>"; };
		9C6F2AF426EFCF5B00629A1D /* DBService.swift */ = {isa = PBXFileReference; lastKnownFileType = sourcecode.swift; path = DBService.swift; sourceTree = "<group>"; };
		9C6F2AF726EFD27200629A1D /* DBStore.swift */ = {isa = PBXFileReference; lastKnownFileType = sourcecode.swift; path = DBStore.swift; sourceTree = "<group>"; };
		9C6F2AFA26EFD60400629A1D /* APIResponseStore.swift */ = {isa = PBXFileReference; lastKnownFileType = sourcecode.swift; path = APIResponseStore.swift; sourceTree = "<group>"; };
		9C76332626C19B6E0008634E /* HomeViewController.swift */ = {isa = PBXFileReference; lastKnownFileType = sourcecode.swift; path = HomeViewController.swift; sourceTree = "<group>"; };
		9C76332C26C19F350008634E /* HomeViewModel.swift */ = {isa = PBXFileReference; lastKnownFileType = sourcecode.swift; path = HomeViewModel.swift; sourceTree = "<group>"; };
		9C89E1EE270629DE0098694A /* SeoulPriceModel.swift */ = {isa = PBXFileReference; lastKnownFileType = sourcecode.swift; path = SeoulPriceModel.swift; sourceTree = "<group>"; };
		9C89E1F22706307F0098694A /* APIResultModel.swift */ = {isa = PBXFileReference; lastKnownFileType = sourcecode.swift; path = APIResultModel.swift; sourceTree = "<group>"; };
		9C9A85A0270CC99A00714F79 /* APIKey.swift */ = {isa = PBXFileReference; lastKnownFileType = sourcecode.swift; path = APIKey.swift; sourceTree = "<group>"; };
		9C9ED32126E53B5A0077D603 /* HomeMainButtonView.swift */ = {isa = PBXFileReference; lastKnownFileType = sourcecode.swift; path = HomeMainButtonView.swift; sourceTree = "<group>"; };
		9CB49F2526D6A1FC000D4B1F /* UIViewController+Extension.swift */ = {isa = PBXFileReference; lastKnownFileType = sourcecode.swift; path = "UIViewController+Extension.swift"; sourceTree = "<group>"; };
/* End PBXFileReference section */

/* Begin PBXFrameworksBuildPhase section */
		9C577AD7268A4AA70069F9D8 /* Frameworks */ = {
			isa = PBXFrameworksBuildPhase;
			buildActionMask = 2147483647;
			files = (
				9C59810826E92EE100BA0ECD /* RxCocoa in Frameworks */,
				9C59810626E92EE100BA0ECD /* RxSwift in Frameworks */,
				9C6F2AE926EFBE2800629A1D /* Realm in Frameworks */,
				9C6F2AEB26EFBE2800629A1D /* RealmSwift in Frameworks */,
				9C59810226E92E7D00BA0ECD /* Alamofire in Frameworks */,
			);
			runOnlyForDeploymentPostprocessing = 0;
		};
/* End PBXFrameworksBuildPhase section */

/* Begin PBXGroup section */
		9C577AD1268A4AA70069F9D8 = {
			isa = PBXGroup;
			children = (
				9C577ADC268A4AA70069F9D8 /* SeoulPrice */,
				9C577ADB268A4AA70069F9D8 /* Products */,
			);
			sourceTree = "<group>";
		};
		9C577ADB268A4AA70069F9D8 /* Products */ = {
			isa = PBXGroup;
			children = (
				9C577ADA268A4AA70069F9D8 /* SeoulPrice.app */,
			);
			name = Products;
			sourceTree = "<group>";
		};
		9C577ADC268A4AA70069F9D8 /* SeoulPrice */ = {
			isa = PBXGroup;
			children = (
				9C89E1ED2706299A0098694A /* Model */,
				9C6F2AEE26EFCB7700629A1D /* Repository */,
				9C6F2AEF26EFCEF300629A1D /* Domain */,
				9CA82FF726BF1E5000E31728 /* Scenes */,
				9CB49F2426D6A0F0000D4B1F /* Utility */,
				9C577ADD268A4AA70069F9D8 /* AppDelegate.swift */,
				9C577AE3268A4AA70069F9D8 /* Main.storyboard */,
				9C577AE6268A4AA80069F9D8 /* Assets.xcassets */,
				9C577AE8268A4AA80069F9D8 /* LaunchScreen.storyboard */,
				9C577AEB268A4AA80069F9D8 /* Info.plist */,
			);
			path = SeoulPrice;
			sourceTree = "<group>";
		};
		9C6F2AED26EFCA4300629A1D /* Extension */ = {
			isa = PBXGroup;
			children = (
				9CB49F2526D6A1FC000D4B1F /* UIViewController+Extension.swift */,
				9C31849826DAD49D005607F2 /* UIColor+Hex.swift */,
			);
			path = Extension;
			sourceTree = "<group>";
		};
		9C6F2AEE26EFCB7700629A1D /* Repository */ = {
			isa = PBXGroup;
			children = (
				9C6F2AF026EFCF2A00629A1D /* APIService.swift */,
				9C6F2AF426EFCF5B00629A1D /* DBService.swift */,
				9C9A85A0270CC99A00714F79 /* APIKey.swift */,
			);
			path = Repository;
			sourceTree = "<group>";
		};
		9C6F2AEF26EFCEF300629A1D /* Domain */ = {
			isa = PBXGroup;
			children = (
				9C6F2AFA26EFD60400629A1D /* APIResponseStore.swift */,
				9C6F2AF726EFD27200629A1D /* DBStore.swift */,
			);
			path = Domain;
			sourceTree = "<group>";
		};
		9C89E1ED2706299A0098694A /* Model */ = {
			isa = PBXGroup;
			children = (
				9C89E1F22706307F0098694A /* APIResultModel.swift */,
				9C89E1EE270629DE0098694A /* SeoulPriceModel.swift */,
			);
			path = Model;
			sourceTree = "<group>";
		};
		9CA82FF726BF1E5000E31728 /* Scenes */ = {
			isa = PBXGroup;
			children = (
				9CA82FF926BF1ED400E31728 /* Home */,
				9CA82FF826BF1EA600E31728 /* Splash */,
			);
			path = Scenes;
			sourceTree = "<group>";
		};
		9CA82FF826BF1EA600E31728 /* Splash */ = {
			isa = PBXGroup;
			children = (
				9C577AE1268A4AA70069F9D8 /* SplashViewController.swift */,
			);
			path = Splash;
			sourceTree = "<group>";
		};
		9CA82FF926BF1ED400E31728 /* Home */ = {
			isa = PBXGroup;
			children = (
				9C76332C26C19F350008634E /* HomeViewModel.swift */,
				9C76332626C19B6E0008634E /* HomeViewController.swift */,
				9C9ED32126E53B5A0077D603 /* HomeMainButtonView.swift */,
			);
			path = Home;
			sourceTree = "<group>";
		};
		9CB49F2426D6A0F0000D4B1F /* Utility */ = {
			isa = PBXGroup;
			children = (
				9C6F2AED26EFCA4300629A1D /* Extension */,
			);
			path = Utility;
			sourceTree = "<group>";
		};
/* End PBXGroup section */

/* Begin PBXNativeTarget section */
		9C577AD9268A4AA70069F9D8 /* SeoulPrice */ = {
			isa = PBXNativeTarget;
			buildConfigurationList = 9C577AEE268A4AA80069F9D8 /* Build configuration list for PBXNativeTarget "SeoulPrice" */;
			buildPhases = (
				9C577AD6268A4AA70069F9D8 /* Sources */,
				9C577AD7268A4AA70069F9D8 /* Frameworks */,
				9C577AD8268A4AA70069F9D8 /* Resources */,
			);
			buildRules = (
			);
			dependencies = (
			);
			name = SeoulPrice;
			packageProductDependencies = (
				9C59810126E92E7D00BA0ECD /* Alamofire */,
				9C59810526E92EE100BA0ECD /* RxSwift */,
				9C59810726E92EE100BA0ECD /* RxCocoa */,
				9C6F2AE826EFBE2800629A1D /* Realm */,
				9C6F2AEA26EFBE2800629A1D /* RealmSwift */,
			);
			productName = SeoulPrice;
			productReference = 9C577ADA268A4AA70069F9D8 /* SeoulPrice.app */;
			productType = "com.apple.product-type.application";
		};
/* End PBXNativeTarget section */

/* Begin PBXProject section */
		9C577AD2268A4AA70069F9D8 /* Project object */ = {
			isa = PBXProject;
			attributes = {
				LastSwiftUpdateCheck = 1240;
				LastUpgradeCheck = 1240;
				TargetAttributes = {
					9C577AD9268A4AA70069F9D8 = {
						CreatedOnToolsVersion = 12.4;
					};
				};
			};
			buildConfigurationList = 9C577AD5268A4AA70069F9D8 /* Build configuration list for PBXProject "SeoulPrice" */;
			compatibilityVersion = "Xcode 12.0";
			developmentRegion = en;
			hasScannedForEncodings = 0;
			knownRegions = (
				en,
				Base,
			);
			mainGroup = 9C577AD1268A4AA70069F9D8;
			packageReferences = (
				9C59810026E92E7D00BA0ECD /* XCRemoteSwiftPackageReference "Alamofire" */,
				9C59810426E92EE100BA0ECD /* XCRemoteSwiftPackageReference "RxSwift" */,
				9C6F2AE726EFBE2800629A1D /* XCRemoteSwiftPackageReference "realm-cocoa" */,
			);
			productRefGroup = 9C577ADB268A4AA70069F9D8 /* Products */;
			projectDirPath = "";
			projectRoot = "";
			targets = (
				9C577AD9268A4AA70069F9D8 /* SeoulPrice */,
			);
		};
/* End PBXProject section */

/* Begin PBXResourcesBuildPhase section */
		9C577AD8268A4AA70069F9D8 /* Resources */ = {
			isa = PBXResourcesBuildPhase;
			buildActionMask = 2147483647;
			files = (
				9C577AEA268A4AA80069F9D8 /* LaunchScreen.storyboard in Resources */,
				9C577AE7268A4AA80069F9D8 /* Assets.xcassets in Resources */,
				9C577AE5268A4AA70069F9D8 /* Main.storyboard in Resources */,
			);
			runOnlyForDeploymentPostprocessing = 0;
		};
/* End PBXResourcesBuildPhase section */

/* Begin PBXSourcesBuildPhase section */
		9C577AD6268A4AA70069F9D8 /* Sources */ = {
			isa = PBXSourcesBuildPhase;
			buildActionMask = 2147483647;
			files = (
				9C577AE2268A4AA70069F9D8 /* SplashViewController.swift in Sources */,
				9C577ADE268A4AA70069F9D8 /* AppDelegate.swift in Sources */,
				9C76332D26C19F350008634E /* HomeViewModel.swift in Sources */,
				9C31849926DAD49D005607F2 /* UIColor+Hex.swift in Sources */,
				9C89E1EF270629DE0098694A /* SeoulPriceModel.swift in Sources */,
				9CB49F2626D6A1FC000D4B1F /* UIViewController+Extension.swift in Sources */,
				9C6F2AF826EFD27200629A1D /* DBStore.swift in Sources */,
				9C9ED32226E53B5A0077D603 /* HomeMainButtonView.swift in Sources */,
				9C9A85A1270CC99A00714F79 /* APIKey.swift in Sources */,
				9C6F2AFB26EFD60400629A1D /* APIResponseStore.swift in Sources */,
				9C6F2AF126EFCF2A00629A1D /* APIService.swift in Sources */,
				9C89E1F32706307F0098694A /* APIResultModel.swift in Sources */,
				9C76332726C19B6E0008634E /* HomeViewController.swift in Sources */,
				9C6F2AF526EFCF5B00629A1D /* DBService.swift in Sources */,
			);
			runOnlyForDeploymentPostprocessing = 0;
		};
/* End PBXSourcesBuildPhase section */

/* Begin PBXVariantGroup section */
		9C577AE3268A4AA70069F9D8 /* Main.storyboard */ = {
			isa = PBXVariantGroup;
			children = (
				9C577AE4268A4AA70069F9D8 /* Base */,
			);
			name = Main.storyboard;
			sourceTree = "<group>";
		};
		9C577AE8268A4AA80069F9D8 /* LaunchScreen.storyboard */ = {
			isa = PBXVariantGroup;
			children = (
				9C577AE9268A4AA80069F9D8 /* Base */,
			);
			name = LaunchScreen.storyboard;
			sourceTree = "<group>";
		};
/* End PBXVariantGroup section */

/* Begin XCBuildConfiguration section */
		9C577AEC268A4AA80069F9D8 /* Debug */ = {
			isa = XCBuildConfiguration;
			buildSettings = {
				ALWAYS_SEARCH_USER_PATHS = NO;
				CLANG_ANALYZER_NONNULL = YES;
				CLANG_ANALYZER_NUMBER_OBJECT_CONVERSION = YES_AGGRESSIVE;
				CLANG_CXX_LANGUAGE_STANDARD = "gnu++14";
				CLANG_CXX_LIBRARY = "libc++";
				CLANG_ENABLE_MODULES = YES;
				CLANG_ENABLE_OBJC_ARC = YES;
				CLANG_ENABLE_OBJC_WEAK = YES;
				CLANG_WARN_BLOCK_CAPTURE_AUTORELEASING = YES;
				CLANG_WARN_BOOL_CONVERSION = YES;
				CLANG_WARN_COMMA = YES;
				CLANG_WARN_CONSTANT_CONVERSION = YES;
				CLANG_WARN_DEPRECATED_OBJC_IMPLEMENTATIONS = YES;
				CLANG_WARN_DIRECT_OBJC_ISA_USAGE = YES_ERROR;
				CLANG_WARN_DOCUMENTATION_COMMENTS = YES;
				CLANG_WARN_EMPTY_BODY = YES;
				CLANG_WARN_ENUM_CONVERSION = YES;
				CLANG_WARN_INFINITE_RECURSION = YES;
				CLANG_WARN_INT_CONVERSION = YES;
				CLANG_WARN_NON_LITERAL_NULL_CONVERSION = YES;
				CLANG_WARN_OBJC_IMPLICIT_RETAIN_SELF = YES;
				CLANG_WARN_OBJC_LITERAL_CONVERSION = YES;
				CLANG_WARN_OBJC_ROOT_CLASS = YES_ERROR;
				CLANG_WARN_QUOTED_INCLUDE_IN_FRAMEWORK_HEADER = YES;
				CLANG_WARN_RANGE_LOOP_ANALYSIS = YES;
				CLANG_WARN_STRICT_PROTOTYPES = YES;
				CLANG_WARN_SUSPICIOUS_MOVE = YES;
				CLANG_WARN_UNGUARDED_AVAILABILITY = YES_AGGRESSIVE;
				CLANG_WARN_UNREACHABLE_CODE = YES;
				CLANG_WARN__DUPLICATE_METHOD_MATCH = YES;
				COPY_PHASE_STRIP = NO;
				DEBUG_INFORMATION_FORMAT = dwarf;
				ENABLE_STRICT_OBJC_MSGSEND = YES;
				ENABLE_TESTABILITY = YES;
				GCC_C_LANGUAGE_STANDARD = gnu11;
				GCC_DYNAMIC_NO_PIC = NO;
				GCC_NO_COMMON_BLOCKS = YES;
				GCC_OPTIMIZATION_LEVEL = 0;
				GCC_PREPROCESSOR_DEFINITIONS = (
					"DEBUG=1",
					"$(inherited)",
				);
				GCC_WARN_64_TO_32_BIT_CONVERSION = YES;
				GCC_WARN_ABOUT_RETURN_TYPE = YES_ERROR;
				GCC_WARN_UNDECLARED_SELECTOR = YES;
				GCC_WARN_UNINITIALIZED_AUTOS = YES_AGGRESSIVE;
				GCC_WARN_UNUSED_FUNCTION = YES;
				GCC_WARN_UNUSED_VARIABLE = YES;
				IPHONEOS_DEPLOYMENT_TARGET = 13.0;
				MTL_ENABLE_DEBUG_INFO = INCLUDE_SOURCE;
				MTL_FAST_MATH = YES;
				ONLY_ACTIVE_ARCH = YES;
				SDKROOT = iphoneos;
				SWIFT_ACTIVE_COMPILATION_CONDITIONS = DEBUG;
				SWIFT_OPTIMIZATION_LEVEL = "-Onone";
			};
			name = Debug;
		};
		9C577AED268A4AA80069F9D8 /* Release */ = {
			isa = XCBuildConfiguration;
			buildSettings = {
				ALWAYS_SEARCH_USER_PATHS = NO;
				CLANG_ANALYZER_NONNULL = YES;
				CLANG_ANALYZER_NUMBER_OBJECT_CONVERSION = YES_AGGRESSIVE;
				CLANG_CXX_LANGUAGE_STANDARD = "gnu++14";
				CLANG_CXX_LIBRARY = "libc++";
				CLANG_ENABLE_MODULES = YES;
				CLANG_ENABLE_OBJC_ARC = YES;
				CLANG_ENABLE_OBJC_WEAK = YES;
				CLANG_WARN_BLOCK_CAPTURE_AUTORELEASING = YES;
				CLANG_WARN_BOOL_CONVERSION = YES;
				CLANG_WARN_COMMA = YES;
				CLANG_WARN_CONSTANT_CONVERSION = YES;
				CLANG_WARN_DEPRECATED_OBJC_IMPLEMENTATIONS = YES;
				CLANG_WARN_DIRECT_OBJC_ISA_USAGE = YES_ERROR;
				CLANG_WARN_DOCUMENTATION_COMMENTS = YES;
				CLANG_WARN_EMPTY_BODY = YES;
				CLANG_WARN_ENUM_CONVERSION = YES;
				CLANG_WARN_INFINITE_RECURSION = YES;
				CLANG_WARN_INT_CONVERSION = YES;
				CLANG_WARN_NON_LITERAL_NULL_CONVERSION = YES;
				CLANG_WARN_OBJC_IMPLICIT_RETAIN_SELF = YES;
				CLANG_WARN_OBJC_LITERAL_CONVERSION = YES;
				CLANG_WARN_OBJC_ROOT_CLASS = YES_ERROR;
				CLANG_WARN_QUOTED_INCLUDE_IN_FRAMEWORK_HEADER = YES;
				CLANG_WARN_RANGE_LOOP_ANALYSIS = YES;
				CLANG_WARN_STRICT_PROTOTYPES = YES;
				CLANG_WARN_SUSPICIOUS_MOVE = YES;
				CLANG_WARN_UNGUARDED_AVAILABILITY = YES_AGGRESSIVE;
				CLANG_WARN_UNREACHABLE_CODE = YES;
				CLANG_WARN__DUPLICATE_METHOD_MATCH = YES;
				COPY_PHASE_STRIP = NO;
				DEBUG_INFORMATION_FORMAT = "dwarf-with-dsym";
				ENABLE_NS_ASSERTIONS = NO;
				ENABLE_STRICT_OBJC_MSGSEND = YES;
				GCC_C_LANGUAGE_STANDARD = gnu11;
				GCC_NO_COMMON_BLOCKS = YES;
				GCC_WARN_64_TO_32_BIT_CONVERSION = YES;
				GCC_WARN_ABOUT_RETURN_TYPE = YES_ERROR;
				GCC_WARN_UNDECLARED_SELECTOR = YES;
				GCC_WARN_UNINITIALIZED_AUTOS = YES_AGGRESSIVE;
				GCC_WARN_UNUSED_FUNCTION = YES;
				GCC_WARN_UNUSED_VARIABLE = YES;
				IPHONEOS_DEPLOYMENT_TARGET = 13.0;
				MTL_ENABLE_DEBUG_INFO = NO;
				MTL_FAST_MATH = YES;
				SDKROOT = iphoneos;
				SWIFT_COMPILATION_MODE = wholemodule;
				SWIFT_OPTIMIZATION_LEVEL = "-O";
				VALIDATE_PRODUCT = YES;
			};
			name = Release;
		};
		9C577AEF268A4AA80069F9D8 /* Debug */ = {
			isa = XCBuildConfiguration;
			buildSettings = {
				ASSETCATALOG_COMPILER_APPICON_NAME = AppIcon;
				ASSETCATALOG_COMPILER_GLOBAL_ACCENT_COLOR_NAME = AccentColor;
				CODE_SIGN_STYLE = Manual;
				DEVELOPMENT_TEAM = "";
				INFOPLIST_FILE = SeoulPrice/Info.plist;
				LD_RUNPATH_SEARCH_PATHS = (
					"$(inherited)",
					"@executable_path/Frameworks",
				);
				MARKETING_VERSION = 1.0.0;
				PRODUCT_BUNDLE_IDENTIFIER = net.jongchulshin.SeoulPrice;
				PRODUCT_NAME = "$(TARGET_NAME)";
				PROVISIONING_PROFILE_SPECIFIER = "";
				SWIFT_VERSION = 5.0;
				TARGETED_DEVICE_FAMILY = 1;
			};
			name = Debug;
		};
		9C577AF0268A4AA80069F9D8 /* Release */ = {
			isa = XCBuildConfiguration;
			buildSettings = {
				ASSETCATALOG_COMPILER_APPICON_NAME = AppIcon;
				ASSETCATALOG_COMPILER_GLOBAL_ACCENT_COLOR_NAME = AccentColor;
				CODE_SIGN_STYLE = Manual;
				DEVELOPMENT_TEAM = "";
				INFOPLIST_FILE = SeoulPrice/Info.plist;
				LD_RUNPATH_SEARCH_PATHS = (
					"$(inherited)",
					"@executable_path/Frameworks",
				);
				MARKETING_VERSION = 1.0.0;
				PRODUCT_BUNDLE_IDENTIFIER = net.jongchulshin.SeoulPrice;
				PRODUCT_NAME = "$(TARGET_NAME)";
				PROVISIONING_PROFILE_SPECIFIER = "";
				SWIFT_VERSION = 5.0;
				TARGETED_DEVICE_FAMILY = 1;
			};
			name = Release;
		};
/* End XCBuildConfiguration section */

/* Begin XCConfigurationList section */
		9C577AD5268A4AA70069F9D8 /* Build configuration list for PBXProject "SeoulPrice" */ = {
			isa = XCConfigurationList;
			buildConfigurations = (
				9C577AEC268A4AA80069F9D8 /* Debug */,
				9C577AED268A4AA80069F9D8 /* Release */,
			);
			defaultConfigurationIsVisible = 0;
			defaultConfigurationName = Release;
		};
		9C577AEE268A4AA80069F9D8 /* Build configuration list for PBXNativeTarget "SeoulPrice" */ = {
			isa = XCConfigurationList;
			buildConfigurations = (
				9C577AEF268A4AA80069F9D8 /* Debug */,
				9C577AF0268A4AA80069F9D8 /* Release */,
			);
			defaultConfigurationIsVisible = 0;
			defaultConfigurationName = Release;
		};
/* End XCConfigurationList section */

/* Begin XCRemoteSwiftPackageReference section */
		9C59810026E92E7D00BA0ECD /* XCRemoteSwiftPackageReference "Alamofire" */ = {
			isa = XCRemoteSwiftPackageReference;
			repositoryURL = "https://github.com/Alamofire/Alamofire";
			requirement = {
				kind = exactVersion;
				version = 5.4.3;
			};
		};
		9C59810426E92EE100BA0ECD /* XCRemoteSwiftPackageReference "RxSwift" */ = {
			isa = XCRemoteSwiftPackageReference;
			repositoryURL = "https://github.com/ReactiveX/RxSwift";
			requirement = {
				kind = exactVersion;
				version = 6.2.0;
			};
		};
		9C6F2AE726EFBE2800629A1D /* XCRemoteSwiftPackageReference "realm-cocoa" */ = {
			isa = XCRemoteSwiftPackageReference;
			repositoryURL = "https://github.com/realm/realm-cocoa.git";
			requirement = {
				kind = exactVersion;
				version = 10.15.0;
			};
		};
/* End XCRemoteSwiftPackageReference section */

/* Begin XCSwiftPackageProductDependency section */
		9C59810126E92E7D00BA0ECD /* Alamofire */ = {
			isa = XCSwiftPackageProductDependency;
			package = 9C59810026E92E7D00BA0ECD /* XCRemoteSwiftPackageReference "Alamofire" */;
			productName = Alamofire;
		};
		9C59810526E92EE100BA0ECD /* RxSwift */ = {
			isa = XCSwiftPackageProductDependency;
			package = 9C59810426E92EE100BA0ECD /* XCRemoteSwiftPackageReference "RxSwift" */;
			productName = RxSwift;
		};
		9C59810726E92EE100BA0ECD /* RxCocoa */ = {
			isa = XCSwiftPackageProductDependency;
			package = 9C59810426E92EE100BA0ECD /* XCRemoteSwiftPackageReference "RxSwift" */;
			productName = RxCocoa;
		};
		9C6F2AE826EFBE2800629A1D /* Realm */ = {
			isa = XCSwiftPackageProductDependency;
			package = 9C6F2AE726EFBE2800629A1D /* XCRemoteSwiftPackageReference "realm-cocoa" */;
			productName = Realm;
		};
		9C6F2AEA26EFBE2800629A1D /* RealmSwift */ = {
			isa = XCSwiftPackageProductDependency;
			package = 9C6F2AE726EFBE2800629A1D /* XCRemoteSwiftPackageReference "realm-cocoa" */;
			productName = RealmSwift;
		};
/* End XCSwiftPackageProductDependency section */
	};
	rootObject = 9C577AD2268A4AA70069F9D8 /* Project object */;
}
